// !$*UTF8*$!
{
	archiveVersion = 1;
	classes = {
	};
	objectVersion = 50;
	objects = {

/* Begin PBXBuildFile section */
		5D8C1090214A3FC900BB879D /* Main.storyboard in Resources */ = {isa = PBXBuildFile; fileRef = 5D8C108F214A3FC900BB879D /* Main.storyboard */; };
		5D8C1095214A3FD500BB879D /* DetailViewController.swift in Sources */ = {isa = PBXBuildFile; fileRef = 5D8C1091214A3FD500BB879D /* DetailViewController.swift */; };
		5D8C1096214A3FD500BB879D /* DetailModalTransition.swift in Sources */ = {isa = PBXBuildFile; fileRef = 5D8C1092214A3FD500BB879D /* DetailModalTransition.swift */; };
		5D8C1097214A3FD500BB879D /* CollectionViewController.swift in Sources */ = {isa = PBXBuildFile; fileRef = 5D8C1093214A3FD500BB879D /* CollectionViewController.swift */; };
		5D8C1098214A3FD500BB879D /* ImageCell.swift in Sources */ = {isa = PBXBuildFile; fileRef = 5D8C1094214A3FD500BB879D /* ImageCell.swift */; };
		5DB479C4214A3EA9000873AB /* AppDelegate.swift in Sources */ = {isa = PBXBuildFile; fileRef = 5DB479C3214A3EA9000873AB /* AppDelegate.swift */; };
		5DB479C6214A3EA9000873AB /* ViewController.swift in Sources */ = {isa = PBXBuildFile; fileRef = 5DB479C5214A3EA9000873AB /* ViewController.swift */; };
		5DB479CB214A3EAA000873AB /* Assets.xcassets in Resources */ = {isa = PBXBuildFile; fileRef = 5DB479CA214A3EAA000873AB /* Assets.xcassets */; };
		5DB479CE214A3EAA000873AB /* LaunchScreen.storyboard in Resources */ = {isa = PBXBuildFile; fileRef = 5DB479CC214A3EAA000873AB /* LaunchScreen.storyboard */; };
/* End PBXBuildFile section */

/* Begin PBXFileReference section */
		5D8C108F214A3FC900BB879D /* Main.storyboard */ = {isa = PBXFileReference; fileEncoding = 4; lastKnownFileType = file.storyboard; path = Main.storyboard; sourceTree = "<group>"; };
		5D8C1091214A3FD500BB879D /* DetailViewController.swift */ = {isa = PBXFileReference; fileEncoding = 4; lastKnownFileType = sourcecode.swift; path = DetailViewController.swift; sourceTree = "<group>"; };
		5D8C1092214A3FD500BB879D /* DetailModalTransition.swift */ = {isa = PBXFileReference; fileEncoding = 4; lastKnownFileType = sourcecode.swift; path = DetailModalTransition.swift; sourceTree = "<group>"; };
		5D8C1093214A3FD500BB879D /* CollectionViewController.swift */ = {isa = PBXFileReference; fileEncoding = 4; lastKnownFileType = sourcecode.swift; path = CollectionViewController.swift; sourceTree = "<group>"; };
		5D8C1094214A3FD500BB879D /* ImageCell.swift */ = {isa = PBXFileReference; fileEncoding = 4; lastKnownFileType = sourcecode.swift; path = ImageCell.swift; sourceTree = "<group>"; };
		5DB479C0214A3EA9000873AB /* DismissFluidlySample.app */ = {isa = PBXFileReference; explicitFileType = wrapper.application; includeInIndex = 0; path = DismissFluidlySample.app; sourceTree = BUILT_PRODUCTS_DIR; };
		5DB479C3214A3EA9000873AB /* AppDelegate.swift */ = {isa = PBXFileReference; lastKnownFileType = sourcecode.swift; path = AppDelegate.swift; sourceTree = "<group>"; };
		5DB479C5214A3EA9000873AB /* ViewController.swift */ = {isa = PBXFileReference; lastKnownFileType = sourcecode.swift; path = ViewController.swift; sourceTree = "<group>"; };
		5DB479CA214A3EAA000873AB /* Assets.xcassets */ = {isa = PBXFileReference; lastKnownFileType = folder.assetcatalog; path = Assets.xcassets; sourceTree = "<group>"; };
		5DB479CD214A3EAA000873AB /* Base */ = {isa = PBXFileReference; lastKnownFileType = file.storyboard; name = Base; path = Base.lproj/LaunchScreen.storyboard; sourceTree = "<group>"; };
		5DB479CF214A3EAA000873AB /* Info.plist */ = {isa = PBXFileReference; lastKnownFileType = text.plist.xml; path = Info.plist; sourceTree = "<group>"; };
/* End PBXFileReference section */

/* Begin PBXFrameworksBuildPhase section */
		5DB479BD214A3EA9000873AB /* Frameworks */ = {
			isa = PBXFrameworksBuildPhase;
			buildActionMask = 2147483647;
			files = (
			);
			runOnlyForDeploymentPostprocessing = 0;
		};
/* End PBXFrameworksBuildPhase section */

/* Begin PBXGroup section */
		5DB479B7214A3EA9000873AB = {
			isa = PBXGroup;
			children = (
				5DB479C2214A3EA9000873AB /* DismissFluidlySample */,
				5DB479C1214A3EA9000873AB /* Products */,
			);
			sourceTree = "<group>";
		};
		5DB479C1214A3EA9000873AB /* Products */ = {
			isa = PBXGroup;
			children = (
				5DB479C0214A3EA9000873AB /* DismissFluidlySample.app */,
			);
			name = Products;
			sourceTree = "<group>";
		};
		5DB479C2214A3EA9000873AB /* DismissFluidlySample */ = {
			isa = PBXGroup;
			children = (
				5DB479C3214A3EA9000873AB /* AppDelegate.swift */,
				5DB479C5214A3EA9000873AB /* ViewController.swift */,
				5DB479CA214A3EAA000873AB /* Assets.xcassets */,
				5D8C108F214A3FC900BB879D /* Main.storyboard */,
				5DB479CC214A3EAA000873AB /* LaunchScreen.storyboard */,
				5D8C1093214A3FD500BB879D /* CollectionViewController.swift */,
				5D8C1092214A3FD500BB879D /* DetailModalTransition.swift */,
				5D8C1091214A3FD500BB879D /* DetailViewController.swift */,
				5D8C1094214A3FD500BB879D /* ImageCell.swift */,
				5DB479CF214A3EAA000873AB /* Info.plist */,
			);
			path = DismissFluidlySample;
			sourceTree = "<group>";
		};
/* End PBXGroup section */

/* Begin PBXNativeTarget section */
		5DB479BF214A3EA9000873AB /* DismissFluidlySample */ = {
			isa = PBXNativeTarget;
			buildConfigurationList = 5DB479D2214A3EAA000873AB /* Build configuration list for PBXNativeTarget "DismissFluidlySample" */;
			buildPhases = (
				5DB479BC214A3EA9000873AB /* Sources */,
				5DB479BD214A3EA9000873AB /* Frameworks */,
				5DB479BE214A3EA9000873AB /* Resources */,
			);
			buildRules = (
			);
			dependencies = (
			);
			name = DismissFluidlySample;
			productName = DismissFluidlySample;
			productReference = 5DB479C0214A3EA9000873AB /* DismissFluidlySample.app */;
			productType = "com.apple.product-type.application";
		};
/* End PBXNativeTarget section */

/* Begin PBXProject section */
		5DB479B8214A3EA9000873AB /* Project object */ = {
			isa = PBXProject;
			attributes = {
				LastSwiftUpdateCheck = 0930;
				LastUpgradeCheck = 0930;
				ORGANIZATIONNAME = hirobe;
				TargetAttributes = {
					5DB479BF214A3EA9000873AB = {
						CreatedOnToolsVersion = 9.3;
					};
				};
			};
			buildConfigurationList = 5DB479BB214A3EA9000873AB /* Build configuration list for PBXProject "DismissFluidlySample" */;
			compatibilityVersion = "Xcode 9.3";
			developmentRegion = en;
			hasScannedForEncodings = 0;
			knownRegions = (
				en,
				Base,
			);
			mainGroup = 5DB479B7214A3EA9000873AB;
			productRefGroup = 5DB479C1214A3EA9000873AB /* Products */;
			projectDirPath = "";
			projectRoot = "";
			targets = (
				5DB479BF214A3EA9000873AB /* DismissFluidlySample */,
			);
		};
/* End PBXProject section */

/* Begin PBXResourcesBuildPhase section */
		5DB479BE214A3EA9000873AB /* Resources */ = {
			isa = PBXResourcesBuildPhase;
			buildActionMask = 2147483647;
			files = (
				5D8C1090214A3FC900BB879D /* Main.storyboard in Resources */,
				5DB479CE214A3EAA000873AB /* LaunchScreen.storyboard in Resources */,
				5DB479CB214A3EAA000873AB /* Assets.xcassets in Resources */,
			);
			runOnlyForDeploymentPostprocessing = 0;
		};
/* End PBXResourcesBuildPhase section */

/* Begin PBXSourcesBuildPhase section */
		5DB479BC214A3EA9000873AB /* Sources */ = {
			isa = PBXSourcesBuildPhase;
			buildActionMask = 2147483647;
			files = (
				5D8C1095214A3FD500BB879D /* DetailViewController.swift in Sources */,
				5D8C1096214A3FD500BB879D /* DetailModalTransition.swift in Sources */,
				5DB479C6214A3EA9000873AB /* ViewController.swift in Sources */,
				5DB479C4214A3EA9000873AB /* AppDelegate.swift in Sources */,
				5D8C1097214A3FD500BB879D /* CollectionViewController.swift in Sources */,
				5D8C1098214A3FD500BB879D /* ImageCell.swift in Sources */,
			);
			runOnlyForDeploymentPostprocessing = 0;
		};
/* End PBXSourcesBuildPhase section */

/* Begin PBXVariantGroup section */
		5DB479CC214A3EAA000873AB /* LaunchScreen.storyboard */ = {
			isa = PBXVariantGroup;
			children = (
				5DB479CD214A3EAA000873AB /* Base */,
			);
			name = LaunchScreen.storyboard;
			sourceTree = "<group>";
		};
/* End PBXVariantGroup section */

/* Begin XCBuildConfiguration section */
		5DB479D0214A3EAA000873AB /* Debug */ = {
			isa = XCBuildConfiguration;
			buildSettings = {
				ALWAYS_SEARCH_USER_PATHS = NO;
				CLANG_ANALYZER_NONNULL = YES;
				CLANG_ANALYZER_NUMBER_OBJECT_CONVERSION = YES_AGGRESSIVE;
				CLANG_CXX_LANGUAGE_STANDARD = "gnu++14";
				CLANG_CXX_LIBRARY = "libc++";
				CLANG_ENABLE_MODULES = YES;
				CLANG_ENABLE_OBJC_ARC = YES;
				CLANG_ENABLE_OBJC_WEAK = YES;
				CLANG_WARN_BLOCK_CAPTURE_AUTORELEASING = YES;
				CLANG_WARN_BOOL_CONVERSION = YES;
				CLANG_WARN_COMMA = YES;
				CLANG_WARN_CONSTANT_CONVERSION = YES;
				CLANG_WARN_DEPRECATED_OBJC_IMPLEMENTATIONS = YES;
				CLANG_WARN_DIRECT_OBJC_ISA_USAGE = YES_ERROR;
				CLANG_WARN_DOCUMENTATION_COMMENTS = YES;
				CLANG_WARN_EMPTY_BODY = YES;
				CLANG_WARN_ENUM_CONVERSION = YES;
				CLANG_WARN_INFINITE_RECURSION = YES;
				CLANG_WARN_INT_CONVERSION = YES;
				CLANG_WARN_NON_LITERAL_NULL_CONVERSION = YES;
				CLANG_WARN_OBJC_IMPLICIT_RETAIN_SELF = YES;
				CLANG_WARN_OBJC_LITERAL_CONVERSION = YES;
				CLANG_WARN_OBJC_ROOT_CLASS = YES_ERROR;
				CLANG_WARN_RANGE_LOOP_ANALYSIS = YES;
				CLANG_WARN_STRICT_PROTOTYPES = YES;
				CLANG_WARN_SUSPICIOUS_MOVE = YES;
				CLANG_WARN_UNGUARDED_AVAILABILITY = YES_AGGRESSIVE;
				CLANG_WARN_UNREACHABLE_CODE = YES;
				CLANG_WARN__DUPLICATE_METHOD_MATCH = YES;
				CODE_SIGN_IDENTITY = "iPhone Developer";
				COPY_PHASE_STRIP = NO;
				DEBUG_INFORMATION_FORMAT = dwarf;
				ENABLE_STRICT_OBJC_MSGSEND = YES;
				ENABLE_TESTABILITY = YES;
				GCC_C_LANGUAGE_STANDARD = gnu11;
				GCC_DYNAMIC_NO_PIC = NO;
				GCC_NO_COMMON_BLOCKS = YES;
				GCC_OPTIMIZATION_LEVEL = 0;
				GCC_PREPROCESSOR_DEFINITIONS = (
					"DEBUG=1",
					"$(inherited)",
				);
				GCC_WARN_64_TO_32_BIT_CONVERSION = YES;
				GCC_WARN_ABOUT_RETURN_TYPE = YES_ERROR;
				GCC_WARN_UNDECLARED_SELECTOR = YES;
				GCC_WARN_UNINITIALIZED_AUTOS = YES_AGGRESSIVE;
				GCC_WARN_UNUSED_FUNCTION = YES;
				GCC_WARN_UNUSED_VARIABLE = YES;
				IPHONEOS_DEPLOYMENT_TARGET = 11.3;
				MTL_ENABLE_DEBUG_INFO = YES;
				ONLY_ACTIVE_ARCH = YES;
				SDKROOT = iphoneos;
				SWIFT_ACTIVE_COMPILATION_CONDITIONS = DEBUG;
				SWIFT_OPTIMIZATION_LEVEL = "-Onone";
			};
			name = Debug;
		};
		5DB479D1214A3EAA000873AB /* Release */ = {
			isa = XCBuildConfiguration;
			buildSettings = {
				ALWAYS_SEARCH_USER_PATHS = NO;
				CLANG_ANALYZER_NONNULL = YES;
				CLANG_ANALYZER_NUMBER_OBJECT_CONVERSION = YES_AGGRESSIVE;
				CLANG_CXX_LANGUAGE_STANDARD = "gnu++14";
				CLANG_CXX_LIBRARY = "libc++";
				CLANG_ENABLE_MODULES = YES;
				CLANG_ENABLE_OBJC_ARC = YES;
				CLANG_ENABLE_OBJC_WEAK = YES;
				CLANG_WARN_BLOCK_CAPTURE_AUTORELEASING = YES;
				CLANG_WARN_BOOL_CONVERSION = YES;
				CLANG_WARN_COMMA = YES;
				CLANG_WARN_CONSTANT_CONVERSION = YES;
				CLANG_WARN_DEPRECATED_OBJC_IMPLEMENTATIONS = YES;
				CLANG_WARN_DIRECT_OBJC_ISA_USAGE = YES_ERROR;
				CLANG_WARN_DOCUMENTATION_COMMENTS = YES;
				CLANG_WARN_EMPTY_BODY = YES;
				CLANG_WARN_ENUM_CONVERSION = YES;
				CLANG_WARN_INFINITE_RECURSION = YES;
				CLANG_WARN_INT_CONVERSION = YES;
				CLANG_WARN_NON_LITERAL_NULL_CONVERSION = YES;
				CLANG_WARN_OBJC_IMPLICIT_RETAIN_SELF = YES;
				CLANG_WARN_OBJC_LITERAL_CONVERSION = YES;
				CLANG_WARN_OBJC_ROOT_CLASS = YES_ERROR;
				CLANG_WARN_RANGE_LOOP_ANALYSIS = YES;
				CLANG_WARN_STRICT_PROTOTYPES = YES;
				CLANG_WARN_SUSPICIOUS_MOVE = YES;
				CLANG_WARN_UNGUARDED_AVAILABILITY = YES_AGGRESSIVE;
				CLANG_WARN_UNREACHABLE_CODE = YES;
				CLANG_WARN__DUPLICATE_METHOD_MATCH = YES;
				CODE_SIGN_IDENTITY = "iPhone Developer";
				COPY_PHASE_STRIP = NO;
				DEBUG_INFORMATION_FORMAT = "dwarf-with-dsym";
				ENABLE_NS_ASSERTIONS = NO;
				ENABLE_STRICT_OBJC_MSGSEND = YES;
				GCC_C_LANGUAGE_STANDARD = gnu11;
				GCC_NO_COMMON_BLOCKS = YES;
				GCC_WARN_64_TO_32_BIT_CONVERSION = YES;
				GCC_WARN_ABOUT_RETURN_TYPE = YES_ERROR;
				GCC_WARN_UNDECLARED_SELECTOR = YES;
				GCC_WARN_UNINITIALIZED_AUTOS = YES_AGGRESSIVE;
				GCC_WARN_UNUSED_FUNCTION = YES;
				GCC_WARN_UNUSED_VARIABLE = YES;
				IPHONEOS_DEPLOYMENT_TARGET = 11.3;
				MTL_ENABLE_DEBUG_INFO = NO;
				SDKROOT = iphoneos;
				SWIFT_COMPILATION_MODE = wholemodule;
				SWIFT_OPTIMIZATION_LEVEL = "-O";
				VALIDATE_PRODUCT = YES;
			};
			name = Release;
		};
		5DB479D3214A3EAA000873AB /* Debug */ = {
			isa = XCBuildConfiguration;
			buildSettings = {
				ASSETCATALOG_COMPILER_APPICON_NAME = AppIcon;
				CODE_SIGN_STYLE = Automatic;
				DEVELOPMENT_TEAM = BSEVNY9F5Y;
				INFOPLIST_FILE = DismissFluidlySample/Info.plist;
				LD_RUNPATH_SEARCH_PATHS = (
					"$(inherited)",
					"@executable_path/Frameworks",
				);
				PRODUCT_BUNDLE_IDENTIFIER = com.bunguu.DismissFluidlySample;
				PRODUCT_NAME = "$(TARGET_NAME)";
				SWIFT_VERSION = 4.0;
				TARGETED_DEVICE_FAMILY = "1,2";
			};
			name = Debug;
		};
		5DB479D4214A3EAA000873AB /* Release */ = {
			isa = XCBuildConfiguration;
			buildSettings = {
				ASSETCATALOG_COMPILER_APPICON_NAME = AppIcon;
				CODE_SIGN_STYLE = Automatic;
				DEVELOPMENT_TEAM = BSEVNY9F5Y;
				INFOPLIST_FILE = DismissFluidlySample/Info.plist;
				LD_RUNPATH_SEARCH_PATHS = (
					"$(inherited)",
					"@executable_path/Frameworks",
				);
				PRODUCT_BUNDLE_IDENTIFIER = com.bunguu.DismissFluidlySample;
				PRODUCT_NAME = "$(TARGET_NAME)";
				SWIFT_VERSION = 4.0;
				TARGETED_DEVICE_FAMILY = "1,2";
			};
			name = Release;
		};
/* End XCBuildConfiguration section */

/* Begin XCConfigurationList section */
		5DB479BB214A3EA9000873AB /* Build configuration list for PBXProject "DismissFluidlySample" */ = {
			isa = XCConfigurationList;
			buildConfigurations = (
				5DB479D0214A3EAA000873AB /* Debug */,
				5DB479D1214A3EAA000873AB /* Release */,
			);
			defaultConfigurationIsVisible = 0;
			defaultConfigurationName = Release;
		};
		5DB479D2214A3EAA000873AB /* Build configuration list for PBXNativeTarget "DismissFluidlySample" */ = {
			isa = XCConfigurationList;
			buildConfigurations = (
				5DB479D3214A3EAA000873AB /* Debug */,
				5DB479D4214A3EAA000873AB /* Release */,
			);
			defaultConfigurationIsVisible = 0;
			defaultConfigurationName = Release;
		};
/* End XCConfigurationList section */
	};
	rootObject = 5DB479B8214A3EA9000873AB /* Project object */;
}
